
Microsoft Visual Studio Solution File, Format Version 12.00
# Visual Studio Version 16
VisualStudioVersion = 16.0.30204.135
MinimumVisualStudioVersion = 10.0.40219.1
Project("{FAE04EC0-301F-11D3-BF4B-00C04F79EFBC}") = "Calc", "Calc\Calc.csproj", "{44BA52A4-2AF4-4B40-935B-7F3589755ADC}"
EndProject
Global
	GlobalSection(SolutionConfigurationPlatforms) = preSolution
		Debug|Any CPU = Debug|Any CPU
		Release|Any CPU = Release|Any CPU
	EndGlobalSection
	GlobalSection(ProjectConfigurationPlatforms) = postSolution
		{44BA52A4-2AF4-4B40-935B-7F3589755ADC}.Debug|Any CPU.ActiveCfg = Debug|Any CPU
		{44BA52A4-2AF4-4B40-935B-7F3589755ADC}.Debug|Any CPU.Build.0 = Debug|Any CPU
		{44BA52A4-2AF4-4B40-935B-7F3589755ADC}.Debug|Any CPU.Deploy.0 = Debug|Any CPU
		{44BA52A4-2AF4-4B40-935B-7F3589755ADC}.Release|Any CPU.ActiveCfg = Release|Any CPU
		{44BA52A4-2AF4-4B40-935B-7F3589755ADC}.Release|Any CPU.Build.0 = Release|Any CPU
		{44BA52A4-2AF4-4B40-935B-7F3589755ADC}.Release|Any CPU.Deploy.0 = Release|Any CPU
	EndGlobalSection
	GlobalSection(SolutionProperties) = preSolution
		HideSolutionNode = FALSE
	EndGlobalSection
	GlobalSection(ExtensibilityGlobals) = postSolution
		SolutionGuid = {3D010E43-8939-43AA-8A86-7F2F2493D8D2}
	EndGlobalSection
EndGlobal
